// !$*UTF8*$!
{
	archiveVersion = 1;
	classes = {
	};
	objectVersion = 45;
	objects = {

/* Begin PBXBuildFile section */
		1D3623260D0F684500981E51 /* SuperConnect5AppDelegate.m in Sources */ = {isa = PBXBuildFile; fileRef = 1D3623250D0F684500981E51 /* SuperConnect5AppDelegate.m */; };
		1D60589B0D05DD56006BFB54 /* main.m in Sources */ = {isa = PBXBuildFile; fileRef = 29B97316FDCFA39411CA2CEA /* main.m */; };
		1D60589F0D05DD5A006BFB54 /* Foundation.framework in Frameworks */ = {isa = PBXBuildFile; fileRef = 1D30AB110D05D00D00671497 /* Foundation.framework */; };
		1DF5F4E00D08C38300B7A737 /* UIKit.framework in Frameworks */ = {isa = PBXBuildFile; fileRef = 1DF5F4DF0D08C38300B7A737 /* UIKit.framework */; };
		2892E4100DC94CBA00A64D0F /* CoreGraphics.framework in Frameworks */ = {isa = PBXBuildFile; fileRef = 2892E40F0DC94CBA00A64D0F /* CoreGraphics.framework */; };
		28AD73600D9D9599002E5188 /* MainWindow.xib in Resources */ = {isa = PBXBuildFile; fileRef = 28AD735F0D9D9599002E5188 /* MainWindow.xib */; };
		B625087E129B84270025FB92 /* NSMutableArray_Shuffling.m in Sources */ = {isa = PBXBuildFile; fileRef = B625087D129B84270025FB92 /* NSMutableArray_Shuffling.m */; };
		B625091B129B90E10025FB92 /* GameKit.framework in Frameworks */ = {isa = PBXBuildFile; fileRef = B625091A129B90E10025FB92 /* GameKit.framework */; };
		B6813ECE1299B77200861A45 /* RootViewController.m in Sources */ = {isa = PBXBuildFile; fileRef = B6813ECC1299B77200861A45 /* RootViewController.m */; };
		B6813ECF1299B77200861A45 /* RootViewController.xib in Resources */ = {isa = PBXBuildFile; fileRef = B6813ECD1299B77200861A45 /* RootViewController.xib */; };
		B6813ED91299B89C00861A45 /* menuBackground.png in Resources */ = {isa = PBXBuildFile; fileRef = B6813ED81299B89C00861A45 /* menuBackground.png */; };
		B6813EEF1299BC7600861A45 /* LocalGameViewController.m in Sources */ = {isa = PBXBuildFile; fileRef = B6813EED1299BC7600861A45 /* LocalGameViewController.m */; };
		B6813EF01299BC7600861A45 /* LocalGameViewController.xib in Resources */ = {isa = PBXBuildFile; fileRef = B6813EEE1299BC7600861A45 /* LocalGameViewController.xib */; };
		B6813EF41299BC8000861A45 /* NetworkGameViewController.m in Sources */ = {isa = PBXBuildFile; fileRef = B6813EF21299BC8000861A45 /* NetworkGameViewController.m */; };
		B6813EF51299BC8000861A45 /* NetworkGameViewController.xib in Resources */ = {isa = PBXBuildFile; fileRef = B6813EF31299BC8000861A45 /* NetworkGameViewController.xib */; };
		B6813EF91299BC8700861A45 /* ShopViewController.m in Sources */ = {isa = PBXBuildFile; fileRef = B6813EF71299BC8700861A45 /* ShopViewController.m */; };
		B6813EFA1299BC8700861A45 /* ShopViewController.xib in Resources */ = {isa = PBXBuildFile; fileRef = B6813EF81299BC8700861A45 /* ShopViewController.xib */; };
		B6813EFE1299BC9500861A45 /* StatsViewController.m in Sources */ = {isa = PBXBuildFile; fileRef = B6813EFC1299BC9500861A45 /* StatsViewController.m */; };
		B6813EFF1299BC9500861A45 /* StatsViewController.xib in Resources */ = {isa = PBXBuildFile; fileRef = B6813EFD1299BC9500861A45 /* StatsViewController.xib */; };
		B6813F441299C37300861A45 /* GameViewController.m in Sources */ = {isa = PBXBuildFile; fileRef = B6813F421299C37300861A45 /* GameViewController.m */; };
		B6813F451299C37300861A45 /* GameViewController.xib in Resources */ = {isa = PBXBuildFile; fileRef = B6813F431299C37300861A45 /* GameViewController.xib */; };
		B6813F5E1299C6DB00861A45 /* Player.m in Sources */ = {isa = PBXBuildFile; fileRef = B6813F5D1299C6DB00861A45 /* Player.m */; };
		B6813F641299C6EA00861A45 /* Move.m in Sources */ = {isa = PBXBuildFile; fileRef = B6813F631299C6EA00861A45 /* Move.m */; };
		B6813F671299C6F000861A45 /* Game.m in Sources */ = {isa = PBXBuildFile; fileRef = B6813F661299C6F000861A45 /* Game.m */; };
		B6813F6B1299C70000861A45 /* GameBoard.m in Sources */ = {isa = PBXBuildFile; fileRef = B6813F6A1299C70000861A45 /* GameBoard.m */; };
		B6813F8C1299E7E900861A45 /* GameHeader.png in Resources */ = {isa = PBXBuildFile; fileRef = B6813F8A1299E7E900861A45 /* GameHeader.png */; };
		B6813F8D1299E7E900861A45 /* GameHeaderActive.png in Resources */ = {isa = PBXBuildFile; fileRef = B6813F8B1299E7E900861A45 /* GameHeaderActive.png */; };
		B681404F1299F54900861A45 /* red_cross.png in Resources */ = {isa = PBXBuildFile; fileRef = B681404E1299F54900861A45 /* red_cross.png */; };
		B681410D1299FC5800861A45 /* blue_circle.png in Resources */ = {isa = PBXBuildFile; fileRef = B68141031299FC5800861A45 /* blue_circle.png */; };
		B681410E1299FC5800861A45 /* green_circle.png in Resources */ = {isa = PBXBuildFile; fileRef = B68141041299FC5800861A45 /* green_circle.png */; };
		B681410F1299FC5800861A45 /* purple_circle.png in Resources */ = {isa = PBXBuildFile; fileRef = B68141051299FC5800861A45 /* purple_circle.png */; };
		B68141101299FC5800861A45 /* orange_circle.png in Resources */ = {isa = PBXBuildFile; fileRef = B68141061299FC5800861A45 /* orange_circle.png */; };
		B68141111299FC5800861A45 /* red_circle.png in Resources */ = {isa = PBXBuildFile; fileRef = B68141071299FC5800861A45 /* red_circle.png */; };
		B68141131299FC5800861A45 /* orange_cross.png in Resources */ = {isa = PBXBuildFile; fileRef = B68141091299FC5800861A45 /* orange_cross.png */; };
		B68141151299FC5800861A45 /* green_cross.png in Resources */ = {isa = PBXBuildFile; fileRef = B681410B1299FC5800861A45 /* green_cross.png */; };
		B68141161299FC5800861A45 /* purple_cross.png in Resources */ = {isa = PBXBuildFile; fileRef = B681410C1299FC5800861A45 /* purple_cross.png */; };
		B68141431299FE4900861A45 /* blue_cross.png in Resources */ = {isa = PBXBuildFile; fileRef = B68141421299FE4900861A45 /* blue_cross.png */; };
		B68141631299FF8700861A45 /* ResultViewController.m in Sources */ = {isa = PBXBuildFile; fileRef = B68141611299FF8700861A45 /* ResultViewController.m */; };
		B68141641299FF8700861A45 /* ResultViewController.xib in Resources */ = {isa = PBXBuildFile; fileRef = B68141621299FF8700861A45 /* ResultViewController.xib */; };
		B6B76F74129CFAC10095E339 /* Logo48.png in Resources */ = {isa = PBXBuildFile; fileRef = B6B76F70129CFAC10095E339 /* Logo48.png */; };
		B6B76F75129CFAC10095E339 /* Logo57.png in Resources */ = {isa = PBXBuildFile; fileRef = B6B76F71129CFAC10095E339 /* Logo57.png */; };
		B6B76F76129CFAC10095E339 /* Logo72.png in Resources */ = {isa = PBXBuildFile; fileRef = B6B76F72129CFAC10095E339 /* Logo72.png */; };
		B6B76F77129CFAC10095E339 /* iTunesArtwork in Resources */ = {isa = PBXBuildFile; fileRef = B6B76F73129CFAC10095E339 /* iTunesArtwork */; };
		B6B76F79129CFB850095E339 /* Logo114.png in Resources */ = {isa = PBXBuildFile; fileRef = B6B76F78129CFB850095E339 /* Logo114.png */; };
		B6B76F88129CFC6F0095E339 /* LogoNoBackSmall.png in Resources */ = {isa = PBXBuildFile; fileRef = B6B76F86129CFC6F0095E339 /* LogoNoBackSmall.png */; };
		B6B76F89129CFC6F0095E339 /* LogoNoBack.png in Resources */ = {isa = PBXBuildFile; fileRef = B6B76F87129CFC6F0095E339 /* LogoNoBack.png */; };
		B6B76F92129CFE220095E339 /* LocalButton.png in Resources */ = {isa = PBXBuildFile; fileRef = B6B76F91129CFE220095E339 /* LocalButton.png */; };
		B6B76FAB129CFEE00095E339 /* NetworkButton.png in Resources */ = {isa = PBXBuildFile; fileRef = B6B76FAA129CFEE00095E339 /* NetworkButton.png */; };
		B6B76FB3129D87560095E339 /* Piece.m in Sources */ = {isa = PBXBuildFile; fileRef = B6B76FB2129D87560095E339 /* Piece.m */; };
		B6B76FB9129D886E0095E339 /* StartGame.png in Resources */ = {isa = PBXBuildFile; fileRef = B6B76FB8129D886E0095E339 /* StartGame.png */; };
		B6B76FBB129D88DB0095E339 /* BackButton.png in Resources */ = {isa = PBXBuildFile; fileRef = B6B76FBA129D88DB0095E339 /* BackButton.png */; };
/* End PBXBuildFile section */

/* Begin PBXFileReference section */
		1D30AB110D05D00D00671497 /* Foundation.framework */ = {isa = PBXFileReference; lastKnownFileType = wrapper.framework; name = Foundation.framework; path = System/Library/Frameworks/Foundation.framework; sourceTree = SDKROOT; };
		1D3623240D0F684500981E51 /* SuperConnect5AppDelegate.h */ = {isa = PBXFileReference; fileEncoding = 4; lastKnownFileType = sourcecode.c.h; path = SuperConnect5AppDelegate.h; sourceTree = "<group>"; };
		1D3623250D0F684500981E51 /* SuperConnect5AppDelegate.m */ = {isa = PBXFileReference; fileEncoding = 4; lastKnownFileType = sourcecode.c.objc; path = SuperConnect5AppDelegate.m; sourceTree = "<group>"; };
		1D6058910D05DD3D006BFB54 /* SuperConnect5.app */ = {isa = PBXFileReference; explicitFileType = wrapper.application; includeInIndex = 0; path = SuperConnect5.app; sourceTree = BUILT_PRODUCTS_DIR; };
		1DF5F4DF0D08C38300B7A737 /* UIKit.framework */ = {isa = PBXFileReference; lastKnownFileType = wrapper.framework; name = UIKit.framework; path = System/Library/Frameworks/UIKit.framework; sourceTree = SDKROOT; };
		2892E40F0DC94CBA00A64D0F /* CoreGraphics.framework */ = {isa = PBXFileReference; lastKnownFileType = wrapper.framework; name = CoreGraphics.framework; path = System/Library/Frameworks/CoreGraphics.framework; sourceTree = SDKROOT; };
		28A0AAE50D9B0CCF005BE974 /* SuperConnect5_Prefix.pch */ = {isa = PBXFileReference; fileEncoding = 4; lastKnownFileType = sourcecode.c.h; path = SuperConnect5_Prefix.pch; sourceTree = "<group>"; };
		28AD735F0D9D9599002E5188 /* MainWindow.xib */ = {isa = PBXFileReference; lastKnownFileType = file.xib; path = MainWindow.xib; sourceTree = "<group>"; };
		29B97316FDCFA39411CA2CEA /* main.m */ = {isa = PBXFileReference; fileEncoding = 4; lastKnownFileType = sourcecode.c.objc; path = main.m; sourceTree = "<group>"; };
		8D1107310486CEB800E47090 /* SuperConnect5-Info.plist */ = {isa = PBXFileReference; fileEncoding = 4; lastKnownFileType = text.plist.xml; path = "SuperConnect5-Info.plist"; plistStructureDefinitionIdentifier = "com.apple.xcode.plist.structure-definition.iphone.info-plist"; sourceTree = "<group>"; };
		B625087C129B84270025FB92 /* NSMutableArray_Shuffling.h */ = {isa = PBXFileReference; fileEncoding = 4; lastKnownFileType = sourcecode.c.h; path = NSMutableArray_Shuffling.h; sourceTree = "<group>"; };
		B625087D129B84270025FB92 /* NSMutableArray_Shuffling.m */ = {isa = PBXFileReference; fileEncoding = 4; lastKnownFileType = sourcecode.c.objc; path = NSMutableArray_Shuffling.m; sourceTree = "<group>"; };
		B625091A129B90E10025FB92 /* GameKit.framework */ = {isa = PBXFileReference; lastKnownFileType = wrapper.framework; name = GameKit.framework; path = System/Library/Frameworks/GameKit.framework; sourceTree = SDKROOT; };
		B6813ECB1299B77200861A45 /* RootViewController.h */ = {isa = PBXFileReference; fileEncoding = 4; lastKnownFileType = sourcecode.c.h; path = RootViewController.h; sourceTree = "<group>"; };
		B6813ECC1299B77200861A45 /* RootViewController.m */ = {isa = PBXFileReference; fileEncoding = 4; lastKnownFileType = sourcecode.c.objc; path = RootViewController.m; sourceTree = "<group>"; };
		B6813ECD1299B77200861A45 /* RootViewController.xib */ = {isa = PBXFileReference; lastKnownFileType = file.xib; name = RootViewController.xib; path = Classes/RootViewController.xib; sourceTree = "<group>"; };
		B6813ED81299B89C00861A45 /* menuBackground.png */ = {isa = PBXFileReference; lastKnownFileType = image.png; path = menuBackground.png; sourceTree = "<group>"; };
		B6813EEC1299BC7600861A45 /* LocalGameViewController.h */ = {isa = PBXFileReference; fileEncoding = 4; lastKnownFileType = sourcecode.c.h; path = LocalGameViewController.h; sourceTree = "<group>"; };
		B6813EED1299BC7600861A45 /* LocalGameViewController.m */ = {isa = PBXFileReference; fileEncoding = 4; lastKnownFileType = sourcecode.c.objc; path = LocalGameViewController.m; sourceTree = "<group>"; };
		B6813EEE1299BC7600861A45 /* LocalGameViewController.xib */ = {isa = PBXFileReference; lastKnownFileType = file.xib; name = LocalGameViewController.xib; path = Classes/LocalGameViewController.xib; sourceTree = "<group>"; };
		B6813EF11299BC8000861A45 /* NetworkGameViewController.h */ = {isa = PBXFileReference; fileEncoding = 4; lastKnownFileType = sourcecode.c.h; path = NetworkGameViewController.h; sourceTree = "<group>"; };
		B6813EF21299BC8000861A45 /* NetworkGameViewController.m */ = {isa = PBXFileReference; fileEncoding = 4; lastKnownFileType = sourcecode.c.objc; path = NetworkGameViewController.m; sourceTree = "<group>"; };
		B6813EF31299BC8000861A45 /* NetworkGameViewController.xib */ = {isa = PBXFileReference; lastKnownFileType = file.xib; name = NetworkGameViewController.xib; path = Classes/NetworkGameViewController.xib; sourceTree = "<group>"; };
		B6813EF61299BC8700861A45 /* ShopViewController.h */ = {isa = PBXFileReference; fileEncoding = 4; lastKnownFileType = sourcecode.c.h; path = ShopViewController.h; sourceTree = "<group>"; };
		B6813EF71299BC8700861A45 /* ShopViewController.m */ = {isa = PBXFileReference; fileEncoding = 4; lastKnownFileType = sourcecode.c.objc; path = ShopViewController.m; sourceTree = "<group>"; };
		B6813EF81299BC8700861A45 /* ShopViewController.xib */ = {isa = PBXFileReference; lastKnownFileType = file.xib; name = ShopViewController.xib; path = Classes/ShopViewController.xib; sourceTree = "<group>"; };
		B6813EFB1299BC9500861A45 /* StatsViewController.h */ = {isa = PBXFileReference; fileEncoding = 4; lastKnownFileType = sourcecode.c.h; path = StatsViewController.h; sourceTree = "<group>"; };
		B6813EFC1299BC9500861A45 /* StatsViewController.m */ = {isa = PBXFileReference; fileEncoding = 4; lastKnownFileType = sourcecode.c.objc; path = StatsViewController.m; sourceTree = "<group>"; };
		B6813EFD1299BC9500861A45 /* StatsViewController.xib */ = {isa = PBXFileReference; lastKnownFileType = file.xib; name = StatsViewController.xib; path = Classes/StatsViewController.xib; sourceTree = "<group>"; };
		B6813F411299C37300861A45 /* GameViewController.h */ = {isa = PBXFileReference; fileEncoding = 4; lastKnownFileType = sourcecode.c.h; path = GameViewController.h; sourceTree = "<group>"; };
		B6813F421299C37300861A45 /* GameViewController.m */ = {isa = PBXFileReference; fileEncoding = 4; lastKnownFileType = sourcecode.c.objc; path = GameViewController.m; sourceTree = "<group>"; };
		B6813F431299C37300861A45 /* GameViewController.xib */ = {isa = PBXFileReference; lastKnownFileType = file.xib; name = GameViewController.xib; path = Classes/GameViewController.xib; sourceTree = "<group>"; };
		B6813F5C1299C6DB00861A45 /* Player.h */ = {isa = PBXFileReference; fileEncoding = 4; lastKnownFileType = sourcecode.c.h; path = Player.h; sourceTree = "<group>"; };
		B6813F5D1299C6DB00861A45 /* Player.m */ = {isa = PBXFileReference; fileEncoding = 4; lastKnownFileType = sourcecode.c.objc; path = Player.m; sourceTree = "<group>"; };
		B6813F621299C6EA00861A45 /* Move.h */ = {isa = PBXFileReference; fileEncoding = 4; lastKnownFileType = sourcecode.c.h; path = Move.h; sourceTree = "<group>"; };
		B6813F631299C6EA00861A45 /* Move.m */ = {isa = PBXFileReference; fileEncoding = 4; lastKnownFileType = sourcecode.c.objc; path = Move.m; sourceTree = "<group>"; };
		B6813F651299C6F000861A45 /* Game.h */ = {isa = PBXFileReference; fileEncoding = 4; lastKnownFileType = sourcecode.c.h; path = Game.h; sourceTree = "<group>"; };
		B6813F661299C6F000861A45 /* Game.m */ = {isa = PBXFileReference; fileEncoding = 4; lastKnownFileType = sourcecode.c.objc; path = Game.m; sourceTree = "<group>"; };
		B6813F691299C70000861A45 /* GameBoard.h */ = {isa = PBXFileReference; fileEncoding = 4; lastKnownFileType = sourcecode.c.h; path = GameBoard.h; sourceTree = "<group>"; };
		B6813F6A1299C70000861A45 /* GameBoard.m */ = {isa = PBXFileReference; fileEncoding = 4; lastKnownFileType = sourcecode.c.objc; path = GameBoard.m; sourceTree = "<group>"; };
		B6813F7E1299C83A00861A45 /* GlobalDefines.h */ = {isa = PBXFileReference; fileEncoding = 4; lastKnownFileType = sourcecode.c.h; path = GlobalDefines.h; sourceTree = "<group>"; };
		B6813F8A1299E7E900861A45 /* GameHeader.png */ = {isa = PBXFileReference; lastKnownFileType = image.png; path = GameHeader.png; sourceTree = "<group>"; };
		B6813F8B1299E7E900861A45 /* GameHeaderActive.png */ = {isa = PBXFileReference; lastKnownFileType = image.png; path = GameHeaderActive.png; sourceTree = "<group>"; };
		B681404E1299F54900861A45 /* red_cross.png */ = {isa = PBXFileReference; lastKnownFileType = image.png; path = red_cross.png; sourceTree = "<group>"; };
		B68141031299FC5800861A45 /* blue_circle.png */ = {isa = PBXFileReference; lastKnownFileType = image.png; path = blue_circle.png; sourceTree = "<group>"; };
		B68141041299FC5800861A45 /* green_circle.png */ = {isa = PBXFileReference; lastKnownFileType = image.png; path = green_circle.png; sourceTree = "<group>"; };
		B68141051299FC5800861A45 /* purple_circle.png */ = {isa = PBXFileReference; lastKnownFileType = image.png; path = purple_circle.png; sourceTree = "<group>"; };
		B68141061299FC5800861A45 /* orange_circle.png */ = {isa = PBXFileReference; lastKnownFileType = image.png; path = orange_circle.png; sourceTree = "<group>"; };
		B68141071299FC5800861A45 /* red_circle.png */ = {isa = PBXFileReference; lastKnownFileType = image.png; path = red_circle.png; sourceTree = "<group>"; };
		B68141091299FC5800861A45 /* orange_cross.png */ = {isa = PBXFileReference; lastKnownFileType = image.png; path = orange_cross.png; sourceTree = "<group>"; };
		B681410B1299FC5800861A45 /* green_cross.png */ = {isa = PBXFileReference; lastKnownFileType = image.png; path = green_cross.png; sourceTree = "<group>"; };
		B681410C1299FC5800861A45 /* purple_cross.png */ = {isa = PBXFileReference; lastKnownFileType = image.png; path = purple_cross.png; sourceTree = "<group>"; };
		B68141421299FE4900861A45 /* blue_cross.png */ = {isa = PBXFileReference; lastKnownFileType = image.png; path = blue_cross.png; sourceTree = "<group>"; };
		B68141601299FF8700861A45 /* ResultViewController.h */ = {isa = PBXFileReference; fileEncoding = 4; lastKnownFileType = sourcecode.c.h; path = ResultViewController.h; sourceTree = "<group>"; };
		B68141611299FF8700861A45 /* ResultViewController.m */ = {isa = PBXFileReference; fileEncoding = 4; lastKnownFileType = sourcecode.c.objc; path = ResultViewController.m; sourceTree = "<group>"; };
		B68141621299FF8700861A45 /* ResultViewController.xib */ = {isa = PBXFileReference; lastKnownFileType = file.xib; name = ResultViewController.xib; path = Classes/ResultViewController.xib; sourceTree = "<group>"; };
		B6B76F70129CFAC10095E339 /* Logo48.png */ = {isa = PBXFileReference; lastKnownFileType = image.png; path = Logo48.png; sourceTree = "<group>"; };
		B6B76F71129CFAC10095E339 /* Logo57.png */ = {isa = PBXFileReference; lastKnownFileType = image.png; path = Logo57.png; sourceTree = "<group>"; };
		B6B76F72129CFAC10095E339 /* Logo72.png */ = {isa = PBXFileReference; lastKnownFileType = image.png; path = Logo72.png; sourceTree = "<group>"; };
		B6B76F73129CFAC10095E339 /* iTunesArtwork */ = {isa = PBXFileReference; lastKnownFileType = file; path = iTunesArtwork; sourceTree = "<group>"; };
		B6B76F78129CFB850095E339 /* Logo114.png */ = {isa = PBXFileReference; lastKnownFileType = image.png; path = Logo114.png; sourceTree = "<group>"; };
		B6B76F86129CFC6F0095E339 /* LogoNoBackSmall.png */ = {isa = PBXFileReference; lastKnownFileType = image.png; path = LogoNoBackSmall.png; sourceTree = "<group>"; };
		B6B76F87129CFC6F0095E339 /* LogoNoBack.png */ = {isa = PBXFileReference; lastKnownFileType = image.png; path = LogoNoBack.png; sourceTree = "<group>"; };
		B6B76F91129CFE220095E339 /* LocalButton.png */ = {isa = PBXFileReference; lastKnownFileType = image.png; path = LocalButton.png; sourceTree = "<group>"; };
		B6B76FAA129CFEE00095E339 /* NetworkButton.png */ = {isa = PBXFileReference; lastKnownFileType = image.png; path = NetworkButton.png; sourceTree = "<group>"; };
		B6B76FB1129D87560095E339 /* Piece.h */ = {isa = PBXFileReference; fileEncoding = 4; lastKnownFileType = sourcecode.c.h; path = Piece.h; sourceTree = "<group>"; };
		B6B76FB2129D87560095E339 /* Piece.m */ = {isa = PBXFileReference; fileEncoding = 4; lastKnownFileType = sourcecode.c.objc; path = Piece.m; sourceTree = "<group>"; };
		B6B76FB8129D886E0095E339 /* StartGame.png */ = {isa = PBXFileReference; lastKnownFileType = image.png; path = StartGame.png; sourceTree = "<group>"; };
		B6B76FBA129D88DB0095E339 /* BackButton.png */ = {isa = PBXFileReference; lastKnownFileType = image.png; path = BackButton.png; sourceTree = "<group>"; };
/* End PBXFileReference section */

/* Begin PBXFrameworksBuildPhase section */
		1D60588F0D05DD3D006BFB54 /* Frameworks */ = {
			isa = PBXFrameworksBuildPhase;
			buildActionMask = 2147483647;
			files = (
				1D60589F0D05DD5A006BFB54 /* Foundation.framework in Frameworks */,
				1DF5F4E00D08C38300B7A737 /* UIKit.framework in Frameworks */,
				2892E4100DC94CBA00A64D0F /* CoreGraphics.framework in Frameworks */,
				B625091B129B90E10025FB92 /* GameKit.framework in Frameworks */,
			);
			runOnlyForDeploymentPostprocessing = 0;
		};
/* End PBXFrameworksBuildPhase section */

/* Begin PBXGroup section */
		080E96DDFE201D6D7F000001 /* Classes */ = {
			isa = PBXGroup;
			children = (
				B625087B129B84160025FB92 /* ExtraAPI */,
				B6813F7E1299C83A00861A45 /* GlobalDefines.h */,
				B6813F681299C6F700861A45 /* Views */,
				B6813EDF1299B8CB00861A45 /* Objects */,
				B6813EDE1299B8BF00861A45 /* ViewControllers */,
				B6813EDD1299B8B900861A45 /* Delegate */,
			);
			path = Classes;
			sourceTree = "<group>";
		};
		19C28FACFE9D520D11CA2CBB /* Products */ = {
			isa = PBXGroup;
			children = (
				1D6058910D05DD3D006BFB54 /* SuperConnect5.app */,
			);
			name = Products;
			sourceTree = "<group>";
		};
		29B97314FDCFA39411CA2CEA /* CustomTemplate */ = {
			isa = PBXGroup;
			children = (
				080E96DDFE201D6D7F000001 /* Classes */,
				29B97315FDCFA39411CA2CEA /* Other Sources */,
				29B97317FDCFA39411CA2CEA /* Resources */,
				29B97323FDCFA39411CA2CEA /* Frameworks */,
				19C28FACFE9D520D11CA2CBB /* Products */,
			);
			name = CustomTemplate;
			sourceTree = "<group>";
		};
		29B97315FDCFA39411CA2CEA /* Other Sources */ = {
			isa = PBXGroup;
			children = (
				28A0AAE50D9B0CCF005BE974 /* SuperConnect5_Prefix.pch */,
				29B97316FDCFA39411CA2CEA /* main.m */,
			);
			name = "Other Sources";
			sourceTree = "<group>";
		};
		29B97317FDCFA39411CA2CEA /* Resources */ = {
			isa = PBXGroup;
			children = (
				B6813EDC1299B8AA00861A45 /* Stuff */,
				B6813EDB1299B8A300861A45 /* ViewControllers */,
				B6813EDA1299B89E00861A45 /* Images */,
			);
			name = Resources;
			sourceTree = "<group>";
		};
		29B97323FDCFA39411CA2CEA /* Frameworks */ = {
			isa = PBXGroup;
			children = (
				1DF5F4DF0D08C38300B7A737 /* UIKit.framework */,
				1D30AB110D05D00D00671497 /* Foundation.framework */,
				2892E40F0DC94CBA00A64D0F /* CoreGraphics.framework */,
				B625091A129B90E10025FB92 /* GameKit.framework */,
			);
			name = Frameworks;
			sourceTree = "<group>";
		};
		B625087B129B84160025FB92 /* ExtraAPI */ = {
			isa = PBXGroup;
			children = (
				B625087C129B84270025FB92 /* NSMutableArray_Shuffling.h */,
				B625087D129B84270025FB92 /* NSMutableArray_Shuffling.m */,
			);
			name = ExtraAPI;
			sourceTree = "<group>";
		};
		B6813EDA1299B89E00861A45 /* Images */ = {
			isa = PBXGroup;
			children = (
				B6B76FB8129D886E0095E339 /* StartGame.png */,
				B6B76FBA129D88DB0095E339 /* BackButton.png */,
				B6B76F91129CFE220095E339 /* LocalButton.png */,
				B6B76FAA129CFEE00095E339 /* NetworkButton.png */,
				B6B76F86129CFC6F0095E339 /* LogoNoBackSmall.png */,
				B6B76F87129CFC6F0095E339 /* LogoNoBack.png */,
				B6B76F70129CFAC10095E339 /* Logo48.png */,
				B6B76F71129CFAC10095E339 /* Logo57.png */,
				B6B76F72129CFAC10095E339 /* Logo72.png */,
				B6B76F78129CFB850095E339 /* Logo114.png */,
				B6B76F73129CFAC10095E339 /* iTunesArtwork */,
				B68141031299FC5800861A45 /* blue_circle.png */,
				B68141041299FC5800861A45 /* green_circle.png */,
				B68141051299FC5800861A45 /* purple_circle.png */,
				B68141421299FE4900861A45 /* blue_cross.png */,
				B68141061299FC5800861A45 /* orange_circle.png */,
				B68141071299FC5800861A45 /* red_circle.png */,
				B68141091299FC5800861A45 /* orange_cross.png */,
				B681410B1299FC5800861A45 /* green_cross.png */,
				B681410C1299FC5800861A45 /* purple_cross.png */,
				B681404E1299F54900861A45 /* red_cross.png */,
				B6813F8A1299E7E900861A45 /* GameHeader.png */,
				B6813F8B1299E7E900861A45 /* GameHeaderActive.png */,
				B6813ED81299B89C00861A45 /* menuBackground.png */,
			);
			name = Images;
			sourceTree = "<group>";
		};
		B6813EDB1299B8A300861A45 /* ViewControllers */ = {
			isa = PBXGroup;
			children = (
				B68141621299FF8700861A45 /* ResultViewController.xib */,
				B6813F431299C37300861A45 /* GameViewController.xib */,
				B6813EFD1299BC9500861A45 /* StatsViewController.xib */,
				B6813EF81299BC8700861A45 /* ShopViewController.xib */,
				B6813EF31299BC8000861A45 /* NetworkGameViewController.xib */,
				B6813EEE1299BC7600861A45 /* LocalGameViewController.xib */,
				B6813ECD1299B77200861A45 /* RootViewController.xib */,
			);
			name = ViewControllers;
			sourceTree = "<group>";
		};
		B6813EDC1299B8AA00861A45 /* Stuff */ = {
			isa = PBXGroup;
			children = (
				28AD735F0D9D9599002E5188 /* MainWindow.xib */,
				8D1107310486CEB800E47090 /* SuperConnect5-Info.plist */,
			);
			name = Stuff;
			sourceTree = "<group>";
		};
		B6813EDD1299B8B900861A45 /* Delegate */ = {
			isa = PBXGroup;
			children = (
				1D3623240D0F684500981E51 /* SuperConnect5AppDelegate.h */,
				1D3623250D0F684500981E51 /* SuperConnect5AppDelegate.m */,
			);
			name = Delegate;
			sourceTree = "<group>";
		};
		B6813EDE1299B8BF00861A45 /* ViewControllers */ = {
			isa = PBXGroup;
			children = (
				B6813F401299C36A00861A45 /* Game */,
				B6813EEB1299BC6700861A45 /* Stats */,
				B6813EEA1299BC6000861A45 /* Shop */,
				B6813EE91299BC5800861A45 /* NetworkGame */,
				B6813EE81299BC4900861A45 /* LocalGame */,
				B6813EE71299BC4300861A45 /* Menu */,
			);
			name = ViewControllers;
			sourceTree = "<group>";
		};
		B6813EDF1299B8CB00861A45 /* Objects */ = {
			isa = PBXGroup;
			children = (
				B6813F5C1299C6DB00861A45 /* Player.h */,
				B6813F5D1299C6DB00861A45 /* Player.m */,
				B6813F621299C6EA00861A45 /* Move.h */,
				B6813F631299C6EA00861A45 /* Move.m */,
				B6813F651299C6F000861A45 /* Game.h */,
				B6813F661299C6F000861A45 /* Game.m */,
				B6B76FB1129D87560095E339 /* Piece.h */,
				B6B76FB2129D87560095E339 /* Piece.m */,
			);
			name = Objects;
			sourceTree = "<group>";
		};
		B6813EE71299BC4300861A45 /* Menu */ = {
			isa = PBXGroup;
			children = (
				B6813ECB1299B77200861A45 /* RootViewController.h */,
				B6813ECC1299B77200861A45 /* RootViewController.m */,
			);
			name = Menu;
			sourceTree = "<group>";
		};
		B6813EE81299BC4900861A45 /* LocalGame */ = {
			isa = PBXGroup;
			children = (
				B6813EEC1299BC7600861A45 /* LocalGameViewController.h */,
				B6813EED1299BC7600861A45 /* LocalGameViewController.m */,
			);
			name = LocalGame;
			sourceTree = "<group>";
		};
		B6813EE91299BC5800861A45 /* NetworkGame */ = {
			isa = PBXGroup;
			children = (
				B6813EF11299BC8000861A45 /* NetworkGameViewController.h */,
				B6813EF21299BC8000861A45 /* NetworkGameViewController.m */,
			);
			name = NetworkGame;
			sourceTree = "<group>";
		};
		B6813EEA1299BC6000861A45 /* Shop */ = {
			isa = PBXGroup;
			children = (
				B6813EF61299BC8700861A45 /* ShopViewController.h */,
				B6813EF71299BC8700861A45 /* ShopViewController.m */,
			);
			name = Shop;
			sourceTree = "<group>";
		};
		B6813EEB1299BC6700861A45 /* Stats */ = {
			isa = PBXGroup;
			children = (
				B6813EFB1299BC9500861A45 /* StatsViewController.h */,
				B6813EFC1299BC9500861A45 /* StatsViewController.m */,
			);
			name = Stats;
			sourceTree = "<group>";
		};
		B6813F401299C36A00861A45 /* Game */ = {
			isa = PBXGroup;
			children = (
				B6813F411299C37300861A45 /* GameViewController.h */,
				B6813F421299C37300861A45 /* GameViewController.m */,
				B68141601299FF8700861A45 /* ResultViewController.h */,
				B68141611299FF8700861A45 /* ResultViewController.m */,
			);
			name = Game;
			sourceTree = "<group>";
		};
		B6813F681299C6F700861A45 /* Views */ = {
			isa = PBXGroup;
			children = (
				B6813F691299C70000861A45 /* GameBoard.h */,
				B6813F6A1299C70000861A45 /* GameBoard.m */,
			);
			name = Views;
			sourceTree = "<group>";
		};
/* End PBXGroup section */

/* Begin PBXNativeTarget section */
		1D6058900D05DD3D006BFB54 /* SuperConnect5 */ = {
			isa = PBXNativeTarget;
			buildConfigurationList = 1D6058960D05DD3E006BFB54 /* Build configuration list for PBXNativeTarget "SuperConnect5" */;
			buildPhases = (
				1D60588D0D05DD3D006BFB54 /* Resources */,
				1D60588E0D05DD3D006BFB54 /* Sources */,
				1D60588F0D05DD3D006BFB54 /* Frameworks */,
			);
			buildRules = (
			);
			dependencies = (
			);
			name = SuperConnect5;
			productName = SuperConnect5;
			productReference = 1D6058910D05DD3D006BFB54 /* SuperConnect5.app */;
			productType = "com.apple.product-type.application";
		};
/* End PBXNativeTarget section */

/* Begin PBXProject section */
		29B97313FDCFA39411CA2CEA /* Project object */ = {
			isa = PBXProject;
			buildConfigurationList = C01FCF4E08A954540054247B /* Build configuration list for PBXProject "SuperConnect5" */;
			compatibilityVersion = "Xcode 3.1";
			developmentRegion = English;
			hasScannedForEncodings = 1;
			knownRegions = (
				English,
				Japanese,
				French,
				German,
				en,
			);
			mainGroup = 29B97314FDCFA39411CA2CEA /* CustomTemplate */;
			projectDirPath = "";
			projectRoot = "";
			targets = (
				1D6058900D05DD3D006BFB54 /* SuperConnect5 */,
			);
		};
/* End PBXProject section */

/* Begin PBXResourcesBuildPhase section */
		1D60588D0D05DD3D006BFB54 /* Resources */ = {
			isa = PBXResourcesBuildPhase;
			buildActionMask = 2147483647;
			files = (
				28AD73600D9D9599002E5188 /* MainWindow.xib in Resources */,
				B6813ECF1299B77200861A45 /* RootViewController.xib in Resources */,
				B6813ED91299B89C00861A45 /* menuBackground.png in Resources */,
				B6813EF01299BC7600861A45 /* LocalGameViewController.xib in Resources */,
				B6813EF51299BC8000861A45 /* NetworkGameViewController.xib in Resources */,
				B6813EFA1299BC8700861A45 /* ShopViewController.xib in Resources */,
				B6813EFF1299BC9500861A45 /* StatsViewController.xib in Resources */,
				B6813F451299C37300861A45 /* GameViewController.xib in Resources */,
				B6813F8C1299E7E900861A45 /* GameHeader.png in Resources */,
				B6813F8D1299E7E900861A45 /* GameHeaderActive.png in Resources */,
				B681404F1299F54900861A45 /* red_cross.png in Resources */,
				B681410D1299FC5800861A45 /* blue_circle.png in Resources */,
				B681410E1299FC5800861A45 /* green_circle.png in Resources */,
				B681410F1299FC5800861A45 /* purple_circle.png in Resources */,
				B68141101299FC5800861A45 /* orange_circle.png in Resources */,
				B68141111299FC5800861A45 /* red_circle.png in Resources */,
				B68141131299FC5800861A45 /* orange_cross.png in Resources */,
				B68141151299FC5800861A45 /* green_cross.png in Resources */,
				B68141161299FC5800861A45 /* purple_cross.png in Resources */,
				B68141431299FE4900861A45 /* blue_cross.png in Resources */,
				B68141641299FF8700861A45 /* ResultViewController.xib in Resources */,
				B6B76F74129CFAC10095E339 /* Logo48.png in Resources */,
				B6B76F75129CFAC10095E339 /* Logo57.png in Resources */,
				B6B76F76129CFAC10095E339 /* Logo72.png in Resources */,
				B6B76F77129CFAC10095E339 /* iTunesArtwork in Resources */,
				B6B76F79129CFB850095E339 /* Logo114.png in Resources */,
				B6B76F88129CFC6F0095E339 /* LogoNoBackSmall.png in Resources */,
				B6B76F89129CFC6F0095E339 /* LogoNoBack.png in Resources */,
				B6B76F92129CFE220095E339 /* LocalButton.png in Resources */,
				B6B76FAB129CFEE00095E339 /* NetworkButton.png in Resources */,
				B6B76FB9129D886E0095E339 /* StartGame.png in Resources */,
				B6B76FBB129D88DB0095E339 /* BackButton.png in Resources */,
			);
			runOnlyForDeploymentPostprocessing = 0;
		};
/* End PBXResourcesBuildPhase section */

/* Begin PBXSourcesBuildPhase section */
		1D60588E0D05DD3D006BFB54 /* Sources */ = {
			isa = PBXSourcesBuildPhase;
			buildActionMask = 2147483647;
			files = (
				1D60589B0D05DD56006BFB54 /* main.m in Sources */,
				1D3623260D0F684500981E51 /* SuperConnect5AppDelegate.m in Sources */,
				B6813ECE1299B77200861A45 /* RootViewController.m in Sources */,
				B6813EEF1299BC7600861A45 /* LocalGameViewController.m in Sources */,
				B6813EF41299BC8000861A45 /* NetworkGameViewController.m in Sources */,
				B6813EF91299BC8700861A45 /* ShopViewController.m in Sources */,
				B6813EFE1299BC9500861A45 /* StatsViewController.m in Sources */,
				B6813F441299C37300861A45 /* GameViewController.m in Sources */,
				B6813F5E1299C6DB00861A45 /* Player.m in Sources */,
				B6813F641299C6EA00861A45 /* Move.m in Sources */,
				B6813F671299C6F000861A45 /* Game.m in Sources */,
				B6813F6B1299C70000861A45 /* GameBoard.m in Sources */,
				B68141631299FF8700861A45 /* ResultViewController.m in Sources */,
				B625087E129B84270025FB92 /* NSMutableArray_Shuffling.m in Sources */,
				B6B76FB3129D87560095E339 /* Piece.m in Sources */,
			);
			runOnlyForDeploymentPostprocessing = 0;
		};
/* End PBXSourcesBuildPhase section */

/* Begin XCBuildConfiguration section */
		1D6058940D05DD3E006BFB54 /* Debug */ = {
			isa = XCBuildConfiguration;
			buildSettings = {
				ALWAYS_SEARCH_USER_PATHS = NO;
				ARCHS = "$(ARCHS_STANDARD_32_BIT)";
				COPY_PHASE_STRIP = NO;
				GCC_DYNAMIC_NO_PIC = NO;
				GCC_OPTIMIZATION_LEVEL = 0;
				GCC_PRECOMPILE_PREFIX_HEADER = YES;
				GCC_PREFIX_HEADER = SuperConnect5_Prefix.pch;
				INFOPLIST_FILE = "SuperConnect5-Info.plist";
				PRODUCT_NAME = SuperConnect5;
				SDKROOT = iphoneos;
				TARGETED_DEVICE_FAMILY = "1,2";
			};
			name = Debug;
		};
		1D6058950D05DD3E006BFB54 /* Release */ = {
			isa = XCBuildConfiguration;
			buildSettings = {
				ALWAYS_SEARCH_USER_PATHS = NO;
				ARCHS = "$(ARCHS_STANDARD_32_BIT)";
				COPY_PHASE_STRIP = YES;
				GCC_PRECOMPILE_PREFIX_HEADER = YES;
				GCC_PREFIX_HEADER = SuperConnect5_Prefix.pch;
				INFOPLIST_FILE = "SuperConnect5-Info.plist";
				PRODUCT_NAME = SuperConnect5;
				SDKROOT = iphoneos;
				TARGETED_DEVICE_FAMILY = "1,2";
				VALIDATE_PRODUCT = YES;
			};
			name = Release;
		};
		C01FCF4F08A954540054247B /* Debug */ = {
			isa = XCBuildConfiguration;
			buildSettings = {
				ARCHS = "$(ARCHS_STANDARD_32_BIT)";
				"CODE_SIGN_IDENTITY[sdk=iphoneos*]" = "iPhone Developer";
				GCC_C_LANGUAGE_STANDARD = c99;
				GCC_WARN_ABOUT_RETURN_TYPE = YES;
				GCC_WARN_UNUSED_VARIABLE = YES;
				PREBINDING = NO;
				SDKROOT = iphoneos4.2;
				TARGETED_DEVICE_FAMILY = 1;
			};
			name = Debug;
		};
		C01FCF5008A954540054247B /* Release */ = {
			isa = XCBuildConfiguration;
			buildSettings = {
				ARCHS = "$(ARCHS_STANDARD_32_BIT)";
				"CODE_SIGN_IDENTITY[sdk=iphoneos*]" = "iPhone Developer";
				GCC_C_LANGUAGE_STANDARD = c99;
				GCC_WARN_ABOUT_RETURN_TYPE = YES;
				GCC_WARN_UNUSED_VARIABLE = YES;
				OTHER_CFLAGS = "-DNS_BLOCK_ASSERTIONS=1";
				PREBINDING = NO;
				SDKROOT = iphoneos4.2;
				TARGETED_DEVICE_FAMILY = 1;
			};
			name = Release;
		};
/* End XCBuildConfiguration section */

/* Begin XCConfigurationList section */
		1D6058960D05DD3E006BFB54 /* Build configuration list for PBXNativeTarget "SuperConnect5" */ = {
			isa = XCConfigurationList;
			buildConfigurations = (
				1D6058940D05DD3E006BFB54 /* Debug */,
				1D6058950D05DD3E006BFB54 /* Release */,
			);
			defaultConfigurationIsVisible = 0;
			defaultConfigurationName = Release;
		};
		C01FCF4E08A954540054247B /* Build configuration list for PBXProject "SuperConnect5" */ = {
			isa = XCConfigurationList;
			buildConfigurations = (
				C01FCF4F08A954540054247B /* Debug */,
				C01FCF5008A954540054247B /* Release */,
			);
			defaultConfigurationIsVisible = 0;
			defaultConfigurationName = Release;
		};
/* End XCConfigurationList section */
	};
	rootObject = 29B97313FDCFA39411CA2CEA /* Project object */;
}
